// !$*UTF8*$!
{
	archiveVersion = 1;
	classes = {
	};
	objectVersion = 56;
	objects = {

/* Begin PBXBuildFile section */
		972FE5C22D7D97EE00414E44 /* GazeTurnApp.swift in Sources */ = {isa = PBXBuildFile; fileRef = 972FE5C12D7D97EE00414E44 /* GazeTurnApp.swift */; };
		972FE5C42D7D97EE00414E44 /* ContentView.swift in Sources */ = {isa = PBXBuildFile; fileRef = 972FE5C32D7D97EE00414E44 /* ContentView.swift */; };
		972FE5C62D7D97F000414E44 /* Assets.xcassets in Resources */ = {isa = PBXBuildFile; fileRef = 972FE5C52D7D97F000414E44 /* Assets.xcassets */; };
		972FE5C92D7D97F000414E44 /* Preview Assets.xcassets in Resources */ = {isa = PBXBuildFile; fileRef = 972FE5C82D7D97F000414E44 /* Preview Assets.xcassets */; };
		972FE5E02D8851C900414E44 /* FileListView.swift in Sources */ = {isa = PBXBuildFile; fileRef = 972FE5DF2D8851C900414E44 /* FileListView.swift */; };
		972FE5E22D88522500414E44 /* BrowseView.swift in Sources */ = {isa = PBXBuildFile; fileRef = 972FE5E12D88522500414E44 /* BrowseView.swift */; };
		97D854C62ED53EA500D48062 /* BlinkRecognizer.swift in Sources */ = {isa = PBXBuildFile; fileRef = 97D854BF2ED53EA500D48062 /* BlinkRecognizer.swift */; };
		97D854C72ED53EA500D48062 /* HeadPoseDetector.swift in Sources */ = {isa = PBXBuildFile; fileRef = 97D854C02ED53EA500D48062 /* HeadPoseDetector.swift */; };
		97D854C82ED53EA500D48062 /* CamaraManager.swift in Sources */ = {isa = PBXBuildFile; fileRef = 97D854BD2ED53EA500D48062 /* CamaraManager.swift */; };
		97D854C92ED53EA500D48062 /* VisionProcessor.swift in Sources */ = {isa = PBXBuildFile; fileRef = 97D854C12ED53EA500D48062 /* VisionProcessor.swift */; };
		97D854CA2ED53EA500D48062 /* InstrumentMode.swift in Sources */ = {isa = PBXBuildFile; fileRef = 97D854C42ED53EA500D48062 /* InstrumentMode.swift */; };
		97D854CB2ED53EA500D48062 /* GestureCoordinator.swift in Sources */ = {isa = PBXBuildFile; fileRef = 97D854C32ED53EA500D48062 /* GestureCoordinator.swift */; };
		97D854CE2ED53EE200D48062 /* InstrumentType.swift in Sources */ = {isa = PBXBuildFile; fileRef = 97D854CC2ED53EE200D48062 /* InstrumentType.swift */; };
		97D854D72ED53F0400D48062 /* GestureVisualizationView.swift in Sources */ = {isa = PBXBuildFile; fileRef = 97D854D42ED53F0400D48062 /* GestureVisualizationView.swift */; };
		97D854DA2ED53F0400D48062 /* CalibrationView.swift in Sources */ = {isa = PBXBuildFile; fileRef = 97D854D02ED53F0400D48062 /* CalibrationView.swift */; };
		97D854DB2ED53F0400D48062 /* DashboardView.swift in Sources */ = {isa = PBXBuildFile; fileRef = 97D854D22ED53F0400D48062 /* DashboardView.swift */; };
		97D854DC2ED53F0400D48062 /* InstrumentSelectionView.swift in Sources */ = {isa = PBXBuildFile; fileRef = 97D854D52ED53F0400D48062 /* InstrumentSelectionView.swift */; };
		97D854DE2ED53F0400D48062 /* SettingsView.swift in Sources */ = {isa = PBXBuildFile; fileRef = 97D854D62ED53F0400D48062 /* SettingsView.swift */; };
		97D854E12ED53F3D00D48062 /* GazeTurnViewModel.swift in Sources */ = {isa = PBXBuildFile; fileRef = 97D854E02ED53F3D00D48062 /* GazeTurnViewModel.swift */; };
		97D854E22ED53F3D00D48062 /* CalibrationViewModel.swift in Sources */ = {isa = PBXBuildFile; fileRef = 97D854DF2ED53F3D00D48062 /* CalibrationViewModel.swift */; };
		97D854E82ED53FEB00D48062 /* EnvironmentAnalyzer.swift in Sources */ = {isa = PBXBuildFile; fileRef = 97D854E32ED53FEB00D48062 /* EnvironmentAnalyzer.swift */; };
		97D854E92ED53FEB00D48062 /* SmartCalibrationEngine.swift in Sources */ = {isa = PBXBuildFile; fileRef = 97D854E62ED53FEB00D48062 /* SmartCalibrationEngine.swift */; };
		97D854EA2ED53FEB00D48062 /* GestureLearningEngine.swift in Sources */ = {isa = PBXBuildFile; fileRef = 97D854E42ED53FEB00D48062 /* GestureLearningEngine.swift */; };
		97D854EB2ED53FEB00D48062 /* GesturePredictionModel.swift in Sources */ = {isa = PBXBuildFile; fileRef = 97D854E52ED53FEB00D48062 /* GesturePredictionModel.swift */; };
		97D854EE2ED53FF200D48062 /* AdaptiveFrameRateController.swift in Sources */ = {isa = PBXBuildFile; fileRef = 97D854EC2ED53FF200D48062 /* AdaptiveFrameRateController.swift */; };
		97D854F12ED5402700D48062 /* MicroGestureDetector.swift in Sources */ = {isa = PBXBuildFile; fileRef = 97D854EF2ED5402700D48062 /* MicroGestureDetector.swift */; };
/* End PBXBuildFile section */

/* Begin PBXFileReference section */
		972FE5BE2D7D97EE00414E44 /* GazeTurn.app */ = {isa = PBXFileReference; explicitFileType = wrapper.application; includeInIndex = 0; path = GazeTurn.app; sourceTree = BUILT_PRODUCTS_DIR; };
		972FE5C12D7D97EE00414E44 /* GazeTurnApp.swift */ = {isa = PBXFileReference; lastKnownFileType = sourcecode.swift; path = GazeTurnApp.swift; sourceTree = "<group>"; };
		972FE5C32D7D97EE00414E44 /* ContentView.swift */ = {isa = PBXFileReference; lastKnownFileType = sourcecode.swift; path = ContentView.swift; sourceTree = "<group>"; };
		972FE5C52D7D97F000414E44 /* Assets.xcassets */ = {isa = PBXFileReference; lastKnownFileType = folder.assetcatalog; path = Assets.xcassets; sourceTree = "<group>"; };
		972FE5C82D7D97F000414E44 /* Preview Assets.xcassets */ = {isa = PBXFileReference; lastKnownFileType = folder.assetcatalog; path = "Preview Assets.xcassets"; sourceTree = "<group>"; };
		972FE5DF2D8851C900414E44 /* FileListView.swift */ = {isa = PBXFileReference; lastKnownFileType = sourcecode.swift; path = FileListView.swift; sourceTree = "<group>"; };
		972FE5E12D88522500414E44 /* BrowseView.swift */ = {isa = PBXFileReference; lastKnownFileType = sourcecode.swift; path = BrowseView.swift; sourceTree = "<group>"; };
		97D854BD2ED53EA500D48062 /* CamaraManager.swift */ = {isa = PBXFileReference; lastKnownFileType = sourcecode.swift; path = CamaraManager.swift; sourceTree = "<group>"; };
		97D854BF2ED53EA500D48062 /* BlinkRecognizer.swift */ = {isa = PBXFileReference; lastKnownFileType = sourcecode.swift; path = BlinkRecognizer.swift; sourceTree = "<group>"; };
		97D854C02ED53EA500D48062 /* HeadPoseDetector.swift */ = {isa = PBXFileReference; lastKnownFileType = sourcecode.swift; path = HeadPoseDetector.swift; sourceTree = "<group>"; };
		97D854C12ED53EA500D48062 /* VisionProcessor.swift */ = {isa = PBXFileReference; lastKnownFileType = sourcecode.swift; path = VisionProcessor.swift; sourceTree = "<group>"; };
		97D854C32ED53EA500D48062 /* GestureCoordinator.swift */ = {isa = PBXFileReference; lastKnownFileType = sourcecode.swift; path = GestureCoordinator.swift; sourceTree = "<group>"; };
		97D854C42ED53EA500D48062 /* InstrumentMode.swift */ = {isa = PBXFileReference; lastKnownFileType = sourcecode.swift; path = InstrumentMode.swift; sourceTree = "<group>"; };
		97D854CC2ED53EE200D48062 /* InstrumentType.swift */ = {isa = PBXFileReference; lastKnownFileType = sourcecode.swift; path = InstrumentType.swift; sourceTree = "<group>"; };
		97D854D02ED53F0400D48062 /* CalibrationView.swift */ = {isa = PBXFileReference; lastKnownFileType = sourcecode.swift; path = CalibrationView.swift; sourceTree = "<group>"; };
		97D854D22ED53F0400D48062 /* DashboardView.swift */ = {isa = PBXFileReference; lastKnownFileType = sourcecode.swift; path = DashboardView.swift; sourceTree = "<group>"; };
		97D854D42ED53F0400D48062 /* GestureVisualizationView.swift */ = {isa = PBXFileReference; lastKnownFileType = sourcecode.swift; path = GestureVisualizationView.swift; sourceTree = "<group>"; };
		97D854D52ED53F0400D48062 /* InstrumentSelectionView.swift */ = {isa = PBXFileReference; lastKnownFileType = sourcecode.swift; path = InstrumentSelectionView.swift; sourceTree = "<group>"; };
		97D854D62ED53F0400D48062 /* SettingsView.swift */ = {isa = PBXFileReference; lastKnownFileType = sourcecode.swift; path = SettingsView.swift; sourceTree = "<group>"; };
		97D854DF2ED53F3D00D48062 /* CalibrationViewModel.swift */ = {isa = PBXFileReference; lastKnownFileType = sourcecode.swift; path = CalibrationViewModel.swift; sourceTree = "<group>"; };
		97D854E02ED53F3D00D48062 /* GazeTurnViewModel.swift */ = {isa = PBXFileReference; lastKnownFileType = sourcecode.swift; path = GazeTurnViewModel.swift; sourceTree = "<group>"; };
		97D854E32ED53FEB00D48062 /* EnvironmentAnalyzer.swift */ = {isa = PBXFileReference; lastKnownFileType = sourcecode.swift; path = EnvironmentAnalyzer.swift; sourceTree = "<group>"; };
		97D854E42ED53FEB00D48062 /* GestureLearningEngine.swift */ = {isa = PBXFileReference; lastKnownFileType = sourcecode.swift; path = GestureLearningEngine.swift; sourceTree = "<group>"; };
		97D854E52ED53FEB00D48062 /* GesturePredictionModel.swift */ = {isa = PBXFileReference; lastKnownFileType = sourcecode.swift; path = GesturePredictionModel.swift; sourceTree = "<group>"; };
		97D854E62ED53FEB00D48062 /* SmartCalibrationEngine.swift */ = {isa = PBXFileReference; lastKnownFileType = sourcecode.swift; path = SmartCalibrationEngine.swift; sourceTree = "<group>"; };
		97D854EC2ED53FF200D48062 /* AdaptiveFrameRateController.swift */ = {isa = PBXFileReference; lastKnownFileType = sourcecode.swift; path = AdaptiveFrameRateController.swift; sourceTree = "<group>"; };
		97D854EF2ED5402700D48062 /* MicroGestureDetector.swift */ = {isa = PBXFileReference; lastKnownFileType = sourcecode.swift; path = MicroGestureDetector.swift; sourceTree = "<group>"; };
/* End PBXFileReference section */

/* Begin PBXFrameworksBuildPhase section */
		972FE5BB2D7D97EE00414E44 /* Frameworks */ = {
			isa = PBXFrameworksBuildPhase;
			buildActionMask = 2147483647;
			files = (
			);
			runOnlyForDeploymentPostprocessing = 0;
		};
/* End PBXFrameworksBuildPhase section */

/* Begin PBXGroup section */
		972FE5B52D7D97EE00414E44 = {
			isa = PBXGroup;
			children = (
				972FE5C02D7D97EE00414E44 /* GazeTurn */,
				972FE5BF2D7D97EE00414E44 /* Products */,
			);
			sourceTree = "<group>";
		};
		972FE5BF2D7D97EE00414E44 /* Products */ = {
			isa = PBXGroup;
			children = (
				972FE5BE2D7D97EE00414E44 /* GazeTurn.app */,
			);
			name = Products;
			sourceTree = "<group>";
		};
		972FE5C02D7D97EE00414E44 /* GazeTurn */ = {
			isa = PBXGroup;
			children = (
				972FE5C12D7D97EE00414E44 /* GazeTurnApp.swift */,
				972FE5DE2D8851A100414E44 /* View */,
				972FE5CF2D7D9A3700414E44 /* ViewModel */,
				972FE5C52D7D97F000414E44 /* Assets.xcassets */,
				972FE5D02D7D9A4A00414E44 /* FeatManager */,
				972FE5C72D7D97F000414E44 /* Preview Content */,
				97D854CD2ED53EE200D48062 /* Model */,
				97D854E72ED53FEB00D48062 /* AI */,
				97D854ED2ED53FF200D48062 /* Engine */,
				97D854F02ED5402700D48062 /* Gestures */,
			);
			path = GazeTurn;
			sourceTree = "<group>";
		};
		972FE5C72D7D97F000414E44 /* Preview Content */ = {
			isa = PBXGroup;
			children = (
				972FE5C82D7D97F000414E44 /* Preview Assets.xcassets */,
			);
			path = "Preview Content";
			sourceTree = "<group>";
		};
		972FE5CF2D7D9A3700414E44 /* ViewModel */ = {
			isa = PBXGroup;
			children = (
				97D854DF2ED53F3D00D48062 /* CalibrationViewModel.swift */,
				97D854E02ED53F3D00D48062 /* GazeTurnViewModel.swift */,
			);
			path = ViewModel;
			sourceTree = "<group>";
		};
		972FE5D02D7D9A4A00414E44 /* FeatManager */ = {
			isa = PBXGroup;
			children = (
				97D854BE2ED53EA500D48062 /* Camara */,
				97D854C22ED53EA500D48062 /* GazeCore */,
				97D854C52ED53EA500D48062 /* GestureControl */,
			);
			path = FeatManager;
			sourceTree = "<group>";
		};
		972FE5DE2D8851A100414E44 /* View */ = {
			isa = PBXGroup;
			children = (
				972FE5C32D7D97EE00414E44 /* ContentView.swift */,
				972FE5DF2D8851C900414E44 /* FileListView.swift */,
				972FE5E12D88522500414E44 /* BrowseView.swift */,
				97D854D02ED53F0400D48062 /* CalibrationView.swift */,
				97D854D22ED53F0400D48062 /* DashboardView.swift */,
				97D854D42ED53F0400D48062 /* GestureVisualizationView.swift */,
				97D854D52ED53F0400D48062 /* InstrumentSelectionView.swift */,
				97D854D62ED53F0400D48062 /* SettingsView.swift */,
			);
			path = View;
			sourceTree = "<group>";
		};
		97D854BE2ED53EA500D48062 /* Camara */ = {
			isa = PBXGroup;
			children = (
				97D854BD2ED53EA500D48062 /* CamaraManager.swift */,
			);
			path = Camara;
			sourceTree = "<group>";
		};
		97D854C22ED53EA500D48062 /* GazeCore */ = {
			isa = PBXGroup;
			children = (
				97D854BF2ED53EA500D48062 /* BlinkRecognizer.swift */,
				97D854C02ED53EA500D48062 /* HeadPoseDetector.swift */,
				97D854C12ED53EA500D48062 /* VisionProcessor.swift */,
			);
			path = GazeCore;
			sourceTree = "<group>";
		};
		97D854C52ED53EA500D48062 /* GestureControl */ = {
			isa = PBXGroup;
			children = (
				97D854C32ED53EA500D48062 /* GestureCoordinator.swift */,
				97D854C42ED53EA500D48062 /* InstrumentMode.swift */,
			);
			path = GestureControl;
			sourceTree = "<group>";
		};
		97D854CD2ED53EE200D48062 /* Model */ = {
			isa = PBXGroup;
			children = (
				97D854CC2ED53EE200D48062 /* InstrumentType.swift */,
			);
			path = Model;
			sourceTree = "<group>";
		};
		97D854E72ED53FEB00D48062 /* AI */ = {
			isa = PBXGroup;
			children = (
				97D854E32ED53FEB00D48062 /* EnvironmentAnalyzer.swift */,
				97D854E42ED53FEB00D48062 /* GestureLearningEngine.swift */,
				97D854E52ED53FEB00D48062 /* GesturePredictionModel.swift */,
				97D854E62ED53FEB00D48062 /* SmartCalibrationEngine.swift */,
			);
			path = AI;
			sourceTree = "<group>";
		};
		97D854ED2ED53FF200D48062 /* Engine */ = {
			isa = PBXGroup;
			children = (
				97D854EC2ED53FF200D48062 /* AdaptiveFrameRateController.swift */,
			);
			path = Engine;
			sourceTree = "<group>";
		};
		97D854F02ED5402700D48062 /* Gestures */ = {
			isa = PBXGroup;
			children = (
				97D854EF2ED5402700D48062 /* MicroGestureDetector.swift */,
			);
			path = Gestures;
			sourceTree = "<group>";
		};
/* End PBXGroup section */

/* Begin PBXNativeTarget section */
		972FE5BD2D7D97EE00414E44 /* GazeTurn */ = {
			isa = PBXNativeTarget;
			buildConfigurationList = 972FE5CC2D7D97F000414E44 /* Build configuration list for PBXNativeTarget "GazeTurn" */;
			buildPhases = (
				972FE5BA2D7D97EE00414E44 /* Sources */,
				972FE5BB2D7D97EE00414E44 /* Frameworks */,
				972FE5BC2D7D97EE00414E44 /* Resources */,
			);
			buildRules = (
			);
			dependencies = (
			);
			name = GazeTurn;
			productName = GazeTurn;
			productReference = 972FE5BE2D7D97EE00414E44 /* GazeTurn.app */;
			productType = "com.apple.product-type.application";
		};
/* End PBXNativeTarget section */

/* Begin PBXProject section */
		972FE5B62D7D97EE00414E44 /* Project object */ = {
			isa = PBXProject;
			attributes = {
				BuildIndependentTargetsInParallel = 1;
				LastSwiftUpdateCheck = 1520;
				LastUpgradeCheck = 1520;
				TargetAttributes = {
					972FE5BD2D7D97EE00414E44 = {
						CreatedOnToolsVersion = 15.2;
					};
				};
			};
			buildConfigurationList = 972FE5B92D7D97EE00414E44 /* Build configuration list for PBXProject "GazeTurn" */;
			compatibilityVersion = "Xcode 14.0";
			developmentRegion = en;
			hasScannedForEncodings = 0;
			knownRegions = (
				en,
				Base,
			);
			mainGroup = 972FE5B52D7D97EE00414E44;
			productRefGroup = 972FE5BF2D7D97EE00414E44 /* Products */;
			projectDirPath = "";
			projectRoot = "";
			targets = (
				972FE5BD2D7D97EE00414E44 /* GazeTurn */,
			);
		};
/* End PBXProject section */

/* Begin PBXResourcesBuildPhase section */
		972FE5BC2D7D97EE00414E44 /* Resources */ = {
			isa = PBXResourcesBuildPhase;
			buildActionMask = 2147483647;
			files = (
				972FE5C92D7D97F000414E44 /* Preview Assets.xcassets in Resources */,
				972FE5C62D7D97F000414E44 /* Assets.xcassets in Resources */,
			);
			runOnlyForDeploymentPostprocessing = 0;
		};
/* End PBXResourcesBuildPhase section */

/* Begin PBXSourcesBuildPhase section */
		972FE5BA2D7D97EE00414E44 /* Sources */ = {
			isa = PBXSourcesBuildPhase;
			buildActionMask = 2147483647;
			files = (
				97D854F12ED5402700D48062 /* MicroGestureDetector.swift in Sources */,
				972FE5E22D88522500414E44 /* BrowseView.swift in Sources */,
				97D854CE2ED53EE200D48062 /* InstrumentType.swift in Sources */,
				972FE5C42D7D97EE00414E44 /* ContentView.swift in Sources */,
				972FE5E02D8851C900414E44 /* FileListView.swift in Sources */,
				972FE5C22D7D97EE00414E44 /* GazeTurnApp.swift in Sources */,
				97D854E12ED53F3D00D48062 /* GazeTurnViewModel.swift in Sources */,
				97D854E22ED53F3D00D48062 /* CalibrationViewModel.swift in Sources */,
				97D854C62ED53EA500D48062 /* BlinkRecognizer.swift in Sources */,
				97D854C72ED53EA500D48062 /* HeadPoseDetector.swift in Sources */,
				97D854EE2ED53FF200D48062 /* AdaptiveFrameRateController.swift in Sources */,
				97D854C82ED53EA500D48062 /* CamaraManager.swift in Sources */,
				97D854C92ED53EA500D48062 /* VisionProcessor.swift in Sources */,
				97D854CA2ED53EA500D48062 /* InstrumentMode.swift in Sources */,
				97D854D72ED53F0400D48062 /* GestureVisualizationView.swift in Sources */,
				97D854DA2ED53F0400D48062 /* CalibrationView.swift in Sources */,
				97D854E82ED53FEB00D48062 /* EnvironmentAnalyzer.swift in Sources */,
				97D854E92ED53FEB00D48062 /* SmartCalibrationEngine.swift in Sources */,
				97D854EA2ED53FEB00D48062 /* GestureLearningEngine.swift in Sources */,
				97D854EB2ED53FEB00D48062 /* GesturePredictionModel.swift in Sources */,
				97D854DB2ED53F0400D48062 /* DashboardView.swift in Sources */,
				97D854DC2ED53F0400D48062 /* InstrumentSelectionView.swift in Sources */,
				97D854DE2ED53F0400D48062 /* SettingsView.swift in Sources */,
				97D854CB2ED53EA500D48062 /* GestureCoordinator.swift in Sources */,
			);
			runOnlyForDeploymentPostprocessing = 0;
		};
/* End PBXSourcesBuildPhase section */

/* Begin XCBuildConfiguration section */
		972FE5CA2D7D97F000414E44 /* Debug */ = {
			isa = XCBuildConfiguration;
			buildSettings = {
				ALWAYS_SEARCH_USER_PATHS = NO;
				ASSETCATALOG_COMPILER_GENERATE_SWIFT_ASSET_SYMBOL_EXTENSIONS = YES;
				CLANG_ANALYZER_NONNULL = YES;
				CLANG_ANALYZER_NUMBER_OBJECT_CONVERSION = YES_AGGRESSIVE;
				CLANG_CXX_LANGUAGE_STANDARD = "gnu++20";
				CLANG_ENABLE_MODULES = YES;
				CLANG_ENABLE_OBJC_ARC = YES;
				CLANG_ENABLE_OBJC_WEAK = YES;
				CLANG_WARN_BLOCK_CAPTURE_AUTORELEASING = YES;
				CLANG_WARN_BOOL_CONVERSION = YES;
				CLANG_WARN_COMMA = YES;
				CLANG_WARN_CONSTANT_CONVERSION = YES;
				CLANG_WARN_DEPRECATED_OBJC_IMPLEMENTATIONS = YES;
				CLANG_WARN_DIRECT_OBJC_ISA_USAGE = YES_ERROR;
				CLANG_WARN_DOCUMENTATION_COMMENTS = YES;
				CLANG_WARN_EMPTY_BODY = YES;
				CLANG_WARN_ENUM_CONVERSION = YES;
				CLANG_WARN_INFINITE_RECURSION = YES;
				CLANG_WARN_INT_CONVERSION = YES;
				CLANG_WARN_NON_LITERAL_NULL_CONVERSION = YES;
				CLANG_WARN_OBJC_IMPLICIT_RETAIN_SELF = YES;
				CLANG_WARN_OBJC_LITERAL_CONVERSION = YES;
				CLANG_WARN_OBJC_ROOT_CLASS = YES_ERROR;
				CLANG_WARN_QUOTED_INCLUDE_IN_FRAMEWORK_HEADER = YES;
				CLANG_WARN_RANGE_LOOP_ANALYSIS = YES;
				CLANG_WARN_STRICT_PROTOTYPES = YES;
				CLANG_WARN_SUSPICIOUS_MOVE = YES;
				CLANG_WARN_UNGUARDED_AVAILABILITY = YES_AGGRESSIVE;
				CLANG_WARN_UNREACHABLE_CODE = YES;
				CLANG_WARN__DUPLICATE_METHOD_MATCH = YES;
				COPY_PHASE_STRIP = NO;
				DEBUG_INFORMATION_FORMAT = dwarf;
				ENABLE_STRICT_OBJC_MSGSEND = YES;
				ENABLE_TESTABILITY = YES;
				ENABLE_USER_SCRIPT_SANDBOXING = YES;
				GCC_C_LANGUAGE_STANDARD = gnu17;
				GCC_DYNAMIC_NO_PIC = NO;
				GCC_NO_COMMON_BLOCKS = YES;
				GCC_OPTIMIZATION_LEVEL = 0;
				GCC_PREPROCESSOR_DEFINITIONS = (
					"DEBUG=1",
					"$(inherited)",
				);
				GCC_WARN_64_TO_32_BIT_CONVERSION = YES;
				GCC_WARN_ABOUT_RETURN_TYPE = YES_ERROR;
				GCC_WARN_UNDECLARED_SELECTOR = YES;
				GCC_WARN_UNINITIALIZED_AUTOS = YES_AGGRESSIVE;
				GCC_WARN_UNUSED_FUNCTION = YES;
				GCC_WARN_UNUSED_VARIABLE = YES;
				IPHONEOS_DEPLOYMENT_TARGET = 17.2;
				LOCALIZATION_PREFERS_STRING_CATALOGS = YES;
				MTL_ENABLE_DEBUG_INFO = INCLUDE_SOURCE;
				MTL_FAST_MATH = YES;
				ONLY_ACTIVE_ARCH = YES;
				SDKROOT = iphoneos;
				SWIFT_ACTIVE_COMPILATION_CONDITIONS = "DEBUG $(inherited)";
				SWIFT_OPTIMIZATION_LEVEL = "-Onone";
			};
			name = Debug;
		};
		972FE5CB2D7D97F000414E44 /* Release */ = {
			isa = XCBuildConfiguration;
			buildSettings = {
				ALWAYS_SEARCH_USER_PATHS = NO;
				ASSETCATALOG_COMPILER_GENERATE_SWIFT_ASSET_SYMBOL_EXTENSIONS = YES;
				CLANG_ANALYZER_NONNULL = YES;
				CLANG_ANALYZER_NUMBER_OBJECT_CONVERSION = YES_AGGRESSIVE;
				CLANG_CXX_LANGUAGE_STANDARD = "gnu++20";
				CLANG_ENABLE_MODULES = YES;
				CLANG_ENABLE_OBJC_ARC = YES;
				CLANG_ENABLE_OBJC_WEAK = YES;
				CLANG_WARN_BLOCK_CAPTURE_AUTORELEASING = YES;
				CLANG_WARN_BOOL_CONVERSION = YES;
				CLANG_WARN_COMMA = YES;
				CLANG_WARN_CONSTANT_CONVERSION = YES;
				CLANG_WARN_DEPRECATED_OBJC_IMPLEMENTATIONS = YES;
				CLANG_WARN_DIRECT_OBJC_ISA_USAGE = YES_ERROR;
				CLANG_WARN_DOCUMENTATION_COMMENTS = YES;
				CLANG_WARN_EMPTY_BODY = YES;
				CLANG_WARN_ENUM_CONVERSION = YES;
				CLANG_WARN_INFINITE_RECURSION = YES;
				CLANG_WARN_INT_CONVERSION = YES;
				CLANG_WARN_NON_LITERAL_NULL_CONVERSION = YES;
				CLANG_WARN_OBJC_IMPLICIT_RETAIN_SELF = YES;
				CLANG_WARN_OBJC_LITERAL_CONVERSION = YES;
				CLANG_WARN_OBJC_ROOT_CLASS = YES_ERROR;
				CLANG_WARN_QUOTED_INCLUDE_IN_FRAMEWORK_HEADER = YES;
				CLANG_WARN_RANGE_LOOP_ANALYSIS = YES;
				CLANG_WARN_STRICT_PROTOTYPES = YES;
				CLANG_WARN_SUSPICIOUS_MOVE = YES;
				CLANG_WARN_UNGUARDED_AVAILABILITY = YES_AGGRESSIVE;
				CLANG_WARN_UNREACHABLE_CODE = YES;
				CLANG_WARN__DUPLICATE_METHOD_MATCH = YES;
				COPY_PHASE_STRIP = NO;
				DEBUG_INFORMATION_FORMAT = "dwarf-with-dsym";
				ENABLE_NS_ASSERTIONS = NO;
				ENABLE_STRICT_OBJC_MSGSEND = YES;
				ENABLE_USER_SCRIPT_SANDBOXING = YES;
				GCC_C_LANGUAGE_STANDARD = gnu17;
				GCC_NO_COMMON_BLOCKS = YES;
				GCC_WARN_64_TO_32_BIT_CONVERSION = YES;
				GCC_WARN_ABOUT_RETURN_TYPE = YES_ERROR;
				GCC_WARN_UNDECLARED_SELECTOR = YES;
				GCC_WARN_UNINITIALIZED_AUTOS = YES_AGGRESSIVE;
				GCC_WARN_UNUSED_FUNCTION = YES;
				GCC_WARN_UNUSED_VARIABLE = YES;
				IPHONEOS_DEPLOYMENT_TARGET = 17.2;
				LOCALIZATION_PREFERS_STRING_CATALOGS = YES;
				MTL_ENABLE_DEBUG_INFO = NO;
				MTL_FAST_MATH = YES;
				SDKROOT = iphoneos;
				SWIFT_COMPILATION_MODE = wholemodule;
				VALIDATE_PRODUCT = YES;
			};
			name = Release;
		};
		972FE5CD2D7D97F000414E44 /* Debug */ = {
			isa = XCBuildConfiguration;
			buildSettings = {
				ASSETCATALOG_COMPILER_APPICON_NAME = AppIcon;
				ASSETCATALOG_COMPILER_GLOBAL_ACCENT_COLOR_NAME = AccentColor;
				CODE_SIGN_STYLE = Automatic;
				CURRENT_PROJECT_VERSION = 1;
				DEVELOPMENT_ASSET_PATHS = "\"GazeTurn/Preview Content\"";
				DEVELOPMENT_TEAM = QRA5DG5SAD;
				ENABLE_PREVIEWS = YES;
				GENERATE_INFOPLIST_FILE = YES;
				INFOPLIST_KEY_UIApplicationSceneManifest_Generation = YES;
				INFOPLIST_KEY_UIApplicationSupportsIndirectInputEvents = YES;
				INFOPLIST_KEY_UILaunchScreen_Generation = YES;
				INFOPLIST_KEY_UISupportedInterfaceOrientations_iPad = "UIInterfaceOrientationPortrait UIInterfaceOrientationPortraitUpsideDown UIInterfaceOrientationLandscapeLeft UIInterfaceOrientationLandscapeRight";
				INFOPLIST_KEY_UISupportedInterfaceOrientations_iPhone = "UIInterfaceOrientationPortrait UIInterfaceOrientationLandscapeLeft UIInterfaceOrientationLandscapeRight";
				LD_RUNPATH_SEARCH_PATHS = (
					"$(inherited)",
					"@executable_path/Frameworks",
				);
				MARKETING_VERSION = 1.0;
				PRODUCT_BUNDLE_IDENTIFIER = com.mj.GazeTurn;
				PRODUCT_NAME = "$(TARGET_NAME)";
				SWIFT_EMIT_LOC_STRINGS = YES;
				SWIFT_VERSION = 5.0;
				TARGETED_DEVICE_FAMILY = "1,2";
			};
			name = Debug;
		};
		972FE5CE2D7D97F000414E44 /* Release */ = {
			isa = XCBuildConfiguration;
			buildSettings = {
				ASSETCATALOG_COMPILER_APPICON_NAME = AppIcon;
				ASSETCATALOG_COMPILER_GLOBAL_ACCENT_COLOR_NAME = AccentColor;
				CODE_SIGN_STYLE = Automatic;
				CURRENT_PROJECT_VERSION = 1;
				DEVELOPMENT_ASSET_PATHS = "\"GazeTurn/Preview Content\"";
				DEVELOPMENT_TEAM = QRA5DG5SAD;
				ENABLE_PREVIEWS = YES;
				GENERATE_INFOPLIST_FILE = YES;
				INFOPLIST_KEY_UIApplicationSceneManifest_Generation = YES;
				INFOPLIST_KEY_UIApplicationSupportsIndirectInputEvents = YES;
				INFOPLIST_KEY_UILaunchScreen_Generation = YES;
				INFOPLIST_KEY_UISupportedInterfaceOrientations_iPad = "UIInterfaceOrientationPortrait UIInterfaceOrientationPortraitUpsideDown UIInterfaceOrientationLandscapeLeft UIInterfaceOrientationLandscapeRight";
				INFOPLIST_KEY_UISupportedInterfaceOrientations_iPhone = "UIInterfaceOrientationPortrait UIInterfaceOrientationLandscapeLeft UIInterfaceOrientationLandscapeRight";
				LD_RUNPATH_SEARCH_PATHS = (
					"$(inherited)",
					"@executable_path/Frameworks",
				);
				MARKETING_VERSION = 1.0;
				PRODUCT_BUNDLE_IDENTIFIER = com.mj.GazeTurn;
				PRODUCT_NAME = "$(TARGET_NAME)";
				SWIFT_EMIT_LOC_STRINGS = YES;
				SWIFT_VERSION = 5.0;
				TARGETED_DEVICE_FAMILY = "1,2";
			};
			name = Release;
		};
/* End XCBuildConfiguration section */

/* Begin XCConfigurationList section */
		972FE5B92D7D97EE00414E44 /* Build configuration list for PBXProject "GazeTurn" */ = {
			isa = XCConfigurationList;
			buildConfigurations = (
				972FE5CA2D7D97F000414E44 /* Debug */,
				972FE5CB2D7D97F000414E44 /* Release */,
			);
			defaultConfigurationIsVisible = 0;
			defaultConfigurationName = Release;
		};
		972FE5CC2D7D97F000414E44 /* Build configuration list for PBXNativeTarget "GazeTurn" */ = {
			isa = XCConfigurationList;
			buildConfigurations = (
				972FE5CD2D7D97F000414E44 /* Debug */,
				972FE5CE2D7D97F000414E44 /* Release */,
			);
			defaultConfigurationIsVisible = 0;
			defaultConfigurationName = Release;
		};
/* End XCConfigurationList section */
	};
	rootObject = 972FE5B62D7D97EE00414E44 /* Project object */;
}
