// !$*UTF8*$!
{
	archiveVersion = 1;
	classes = {
	};
	objectVersion = 56;
	objects = {

/* Begin PBXBuildFile section */
		972FE5C22D7D97EE00414E44 /* GazeTurnApp.swift in Sources */ = {isa = PBXBuildFile; fileRef = 972FE5C12D7D97EE00414E44 /* GazeTurnApp.swift */; };
		972FE5C42D7D97EE00414E44 /* ContentView.swift in Sources */ = {isa = PBXBuildFile; fileRef = 972FE5C32D7D97EE00414E44 /* ContentView.swift */; };
		972FE5C62D7D97F000414E44 /* Assets.xcassets in Resources */ = {isa = PBXBuildFile; fileRef = 972FE5C52D7D97F000414E44 /* Assets.xcassets */; };
		972FE5C92D7D97F000414E44 /* Preview Assets.xcassets in Resources */ = {isa = PBXBuildFile; fileRef = 972FE5C82D7D97F000414E44 /* Preview Assets.xcassets */; };
		972FE5D22D7D9B9200414E44 /* GazeDetector.swift in Sources */ = {isa = PBXBuildFile; fileRef = 972FE5D12D7D9B9200414E44 /* GazeDetector.swift */; };
		972FE5D42D7D9CC600414E44 /* VisionProcessor.swift in Sources */ = {isa = PBXBuildFile; fileRef = 972FE5D32D7D9CC600414E44 /* VisionProcessor.swift */; };
		972FE5D62D7D9CD900414E44 /* PageTurnManager.swift in Sources */ = {isa = PBXBuildFile; fileRef = 972FE5D52D7D9CD900414E44 /* PageTurnManager.swift */; };
		972FE5D82D7D9CEA00414E44 /* CamaraManager.swift in Sources */ = {isa = PBXBuildFile; fileRef = 972FE5D72D7D9CEA00414E44 /* CamaraManager.swift */; };
		972FE5DA2D7D9D0600414E44 /* BlinkRecognizer.swift in Sources */ = {isa = PBXBuildFile; fileRef = 972FE5D92D7D9D0600414E44 /* BlinkRecognizer.swift */; };
/* End PBXBuildFile section */

/* Begin PBXFileReference section */
		972FE5BE2D7D97EE00414E44 /* GazeTurn.app */ = {isa = PBXFileReference; explicitFileType = wrapper.application; includeInIndex = 0; path = GazeTurn.app; sourceTree = BUILT_PRODUCTS_DIR; };
		972FE5C12D7D97EE00414E44 /* GazeTurnApp.swift */ = {isa = PBXFileReference; lastKnownFileType = sourcecode.swift; path = GazeTurnApp.swift; sourceTree = "<group>"; };
		972FE5C32D7D97EE00414E44 /* ContentView.swift */ = {isa = PBXFileReference; lastKnownFileType = sourcecode.swift; path = ContentView.swift; sourceTree = "<group>"; };
		972FE5C52D7D97F000414E44 /* Assets.xcassets */ = {isa = PBXFileReference; lastKnownFileType = folder.assetcatalog; path = Assets.xcassets; sourceTree = "<group>"; };
		972FE5C82D7D97F000414E44 /* Preview Assets.xcassets */ = {isa = PBXFileReference; lastKnownFileType = folder.assetcatalog; path = "Preview Assets.xcassets"; sourceTree = "<group>"; };
		972FE5D12D7D9B9200414E44 /* GazeDetector.swift */ = {isa = PBXFileReference; lastKnownFileType = sourcecode.swift; path = GazeDetector.swift; sourceTree = "<group>"; };
		972FE5D32D7D9CC600414E44 /* VisionProcessor.swift */ = {isa = PBXFileReference; lastKnownFileType = sourcecode.swift; path = VisionProcessor.swift; sourceTree = "<group>"; };
		972FE5D52D7D9CD900414E44 /* PageTurnManager.swift */ = {isa = PBXFileReference; lastKnownFileType = sourcecode.swift; path = PageTurnManager.swift; sourceTree = "<group>"; };
		972FE5D72D7D9CEA00414E44 /* CamaraManager.swift */ = {isa = PBXFileReference; lastKnownFileType = sourcecode.swift; path = CamaraManager.swift; sourceTree = "<group>"; };
		972FE5D92D7D9D0600414E44 /* BlinkRecognizer.swift */ = {isa = PBXFileReference; lastKnownFileType = sourcecode.swift; path = BlinkRecognizer.swift; sourceTree = "<group>"; };
/* End PBXFileReference section */

/* Begin PBXFrameworksBuildPhase section */
		972FE5BB2D7D97EE00414E44 /* Frameworks */ = {
			isa = PBXFrameworksBuildPhase;
			buildActionMask = 2147483647;
			files = (
			);
			runOnlyForDeploymentPostprocessing = 0;
		};
/* End PBXFrameworksBuildPhase section */

/* Begin PBXGroup section */
		972FE5B52D7D97EE00414E44 = {
			isa = PBXGroup;
			children = (
				972FE5C02D7D97EE00414E44 /* GazeTurn */,
				972FE5BF2D7D97EE00414E44 /* Products */,
			);
			sourceTree = "<group>";
		};
		972FE5BF2D7D97EE00414E44 /* Products */ = {
			isa = PBXGroup;
			children = (
				972FE5BE2D7D97EE00414E44 /* GazeTurn.app */,
			);
			name = Products;
			sourceTree = "<group>";
		};
		972FE5C02D7D97EE00414E44 /* GazeTurn */ = {
			isa = PBXGroup;
			children = (
				972FE5C12D7D97EE00414E44 /* GazeTurnApp.swift */,
				972FE5C32D7D97EE00414E44 /* ContentView.swift */,
				972FE5CF2D7D9A3700414E44 /* ViewModel */,
				972FE5C52D7D97F000414E44 /* Assets.xcassets */,
				972FE5D02D7D9A4A00414E44 /* FeatManager */,
				972FE5C72D7D97F000414E44 /* Preview Content */,
			);
			path = GazeTurn;
			sourceTree = "<group>";
		};
		972FE5C72D7D97F000414E44 /* Preview Content */ = {
			isa = PBXGroup;
			children = (
				972FE5C82D7D97F000414E44 /* Preview Assets.xcassets */,
			);
			path = "Preview Content";
			sourceTree = "<group>";
		};
		972FE5CF2D7D9A3700414E44 /* ViewModel */ = {
			isa = PBXGroup;
			children = (
			);
			path = ViewModel;
			sourceTree = "<group>";
		};
		972FE5D02D7D9A4A00414E44 /* FeatManager */ = {
			isa = PBXGroup;
			children = (
				972FE5DC2D7D9D3C00414E44 /* PageControl */,
				972FE5DB2D7D9D2A00414E44 /* GazeCore */,
				972FE5DD2D7D9D4E00414E44 /* Camara */,
			);
			path = FeatManager;
			sourceTree = "<group>";
		};
		972FE5DB2D7D9D2A00414E44 /* GazeCore */ = {
			isa = PBXGroup;
			children = (
				972FE5D92D7D9D0600414E44 /* BlinkRecognizer.swift */,
				972FE5D32D7D9CC600414E44 /* VisionProcessor.swift */,
				972FE5D12D7D9B9200414E44 /* GazeDetector.swift */,
			);
			path = GazeCore;
			sourceTree = "<group>";
		};
		972FE5DC2D7D9D3C00414E44 /* PageControl */ = {
			isa = PBXGroup;
			children = (
				972FE5D52D7D9CD900414E44 /* PageTurnManager.swift */,
			);
			path = PageControl;
			sourceTree = "<group>";
		};
		972FE5DD2D7D9D4E00414E44 /* Camara */ = {
			isa = PBXGroup;
			children = (
				972FE5D72D7D9CEA00414E44 /* CamaraManager.swift */,
			);
			path = Camara;
			sourceTree = "<group>";
		};
/* End PBXGroup section */

/* Begin PBXNativeTarget section */
		972FE5BD2D7D97EE00414E44 /* GazeTurn */ = {
			isa = PBXNativeTarget;
			buildConfigurationList = 972FE5CC2D7D97F000414E44 /* Build configuration list for PBXNativeTarget "GazeTurn" */;
			buildPhases = (
				972FE5BA2D7D97EE00414E44 /* Sources */,
				972FE5BB2D7D97EE00414E44 /* Frameworks */,
				972FE5BC2D7D97EE00414E44 /* Resources */,
			);
			buildRules = (
			);
			dependencies = (
			);
			name = GazeTurn;
			productName = GazeTurn;
			productReference = 972FE5BE2D7D97EE00414E44 /* GazeTurn.app */;
			productType = "com.apple.product-type.application";
		};
/* End PBXNativeTarget section */

/* Begin PBXProject section */
		972FE5B62D7D97EE00414E44 /* Project object */ = {
			isa = PBXProject;
			attributes = {
				BuildIndependentTargetsInParallel = 1;
				LastSwiftUpdateCheck = 1520;
				LastUpgradeCheck = 1520;
				TargetAttributes = {
					972FE5BD2D7D97EE00414E44 = {
						CreatedOnToolsVersion = 15.2;
					};
				};
			};
			buildConfigurationList = 972FE5B92D7D97EE00414E44 /* Build configuration list for PBXProject "GazeTurn" */;
			compatibilityVersion = "Xcode 14.0";
			developmentRegion = en;
			hasScannedForEncodings = 0;
			knownRegions = (
				en,
				Base,
			);
			mainGroup = 972FE5B52D7D97EE00414E44;
			productRefGroup = 972FE5BF2D7D97EE00414E44 /* Products */;
			projectDirPath = "";
			projectRoot = "";
			targets = (
				972FE5BD2D7D97EE00414E44 /* GazeTurn */,
			);
		};
/* End PBXProject section */

/* Begin PBXResourcesBuildPhase section */
		972FE5BC2D7D97EE00414E44 /* Resources */ = {
			isa = PBXResourcesBuildPhase;
			buildActionMask = 2147483647;
			files = (
				972FE5C92D7D97F000414E44 /* Preview Assets.xcassets in Resources */,
				972FE5C62D7D97F000414E44 /* Assets.xcassets in Resources */,
			);
			runOnlyForDeploymentPostprocessing = 0;
		};
/* End PBXResourcesBuildPhase section */

/* Begin PBXSourcesBuildPhase section */
		972FE5BA2D7D97EE00414E44 /* Sources */ = {
			isa = PBXSourcesBuildPhase;
			buildActionMask = 2147483647;
			files = (
				972FE5D82D7D9CEA00414E44 /* CamaraManager.swift in Sources */,
				972FE5DA2D7D9D0600414E44 /* BlinkRecognizer.swift in Sources */,
				972FE5D42D7D9CC600414E44 /* VisionProcessor.swift in Sources */,
				972FE5C42D7D97EE00414E44 /* ContentView.swift in Sources */,
				972FE5D62D7D9CD900414E44 /* PageTurnManager.swift in Sources */,
				972FE5C22D7D97EE00414E44 /* GazeTurnApp.swift in Sources */,
				972FE5D22D7D9B9200414E44 /* GazeDetector.swift in Sources */,
			);
			runOnlyForDeploymentPostprocessing = 0;
		};
/* End PBXSourcesBuildPhase section */

/* Begin XCBuildConfiguration section */
		972FE5CA2D7D97F000414E44 /* Debug */ = {
			isa = XCBuildConfiguration;
			buildSettings = {
				ALWAYS_SEARCH_USER_PATHS = NO;
				ASSETCATALOG_COMPILER_GENERATE_SWIFT_ASSET_SYMBOL_EXTENSIONS = YES;
				CLANG_ANALYZER_NONNULL = YES;
				CLANG_ANALYZER_NUMBER_OBJECT_CONVERSION = YES_AGGRESSIVE;
				CLANG_CXX_LANGUAGE_STANDARD = "gnu++20";
				CLANG_ENABLE_MODULES = YES;
				CLANG_ENABLE_OBJC_ARC = YES;
				CLANG_ENABLE_OBJC_WEAK = YES;
				CLANG_WARN_BLOCK_CAPTURE_AUTORELEASING = YES;
				CLANG_WARN_BOOL_CONVERSION = YES;
				CLANG_WARN_COMMA = YES;
				CLANG_WARN_CONSTANT_CONVERSION = YES;
				CLANG_WARN_DEPRECATED_OBJC_IMPLEMENTATIONS = YES;
				CLANG_WARN_DIRECT_OBJC_ISA_USAGE = YES_ERROR;
				CLANG_WARN_DOCUMENTATION_COMMENTS = YES;
				CLANG_WARN_EMPTY_BODY = YES;
				CLANG_WARN_ENUM_CONVERSION = YES;
				CLANG_WARN_INFINITE_RECURSION = YES;
				CLANG_WARN_INT_CONVERSION = YES;
				CLANG_WARN_NON_LITERAL_NULL_CONVERSION = YES;
				CLANG_WARN_OBJC_IMPLICIT_RETAIN_SELF = YES;
				CLANG_WARN_OBJC_LITERAL_CONVERSION = YES;
				CLANG_WARN_OBJC_ROOT_CLASS = YES_ERROR;
				CLANG_WARN_QUOTED_INCLUDE_IN_FRAMEWORK_HEADER = YES;
				CLANG_WARN_RANGE_LOOP_ANALYSIS = YES;
				CLANG_WARN_STRICT_PROTOTYPES = YES;
				CLANG_WARN_SUSPICIOUS_MOVE = YES;
				CLANG_WARN_UNGUARDED_AVAILABILITY = YES_AGGRESSIVE;
				CLANG_WARN_UNREACHABLE_CODE = YES;
				CLANG_WARN__DUPLICATE_METHOD_MATCH = YES;
				COPY_PHASE_STRIP = NO;
				DEBUG_INFORMATION_FORMAT = dwarf;
				ENABLE_STRICT_OBJC_MSGSEND = YES;
				ENABLE_TESTABILITY = YES;
				ENABLE_USER_SCRIPT_SANDBOXING = YES;
				GCC_C_LANGUAGE_STANDARD = gnu17;
				GCC_DYNAMIC_NO_PIC = NO;
				GCC_NO_COMMON_BLOCKS = YES;
				GCC_OPTIMIZATION_LEVEL = 0;
				GCC_PREPROCESSOR_DEFINITIONS = (
					"DEBUG=1",
					"$(inherited)",
				);
				GCC_WARN_64_TO_32_BIT_CONVERSION = YES;
				GCC_WARN_ABOUT_RETURN_TYPE = YES_ERROR;
				GCC_WARN_UNDECLARED_SELECTOR = YES;
				GCC_WARN_UNINITIALIZED_AUTOS = YES_AGGRESSIVE;
				GCC_WARN_UNUSED_FUNCTION = YES;
				GCC_WARN_UNUSED_VARIABLE = YES;
				IPHONEOS_DEPLOYMENT_TARGET = 17.2;
				LOCALIZATION_PREFERS_STRING_CATALOGS = YES;
				MTL_ENABLE_DEBUG_INFO = INCLUDE_SOURCE;
				MTL_FAST_MATH = YES;
				ONLY_ACTIVE_ARCH = YES;
				SDKROOT = iphoneos;
				SWIFT_ACTIVE_COMPILATION_CONDITIONS = "DEBUG $(inherited)";
				SWIFT_OPTIMIZATION_LEVEL = "-Onone";
			};
			name = Debug;
		};
		972FE5CB2D7D97F000414E44 /* Release */ = {
			isa = XCBuildConfiguration;
			buildSettings = {
				ALWAYS_SEARCH_USER_PATHS = NO;
				ASSETCATALOG_COMPILER_GENERATE_SWIFT_ASSET_SYMBOL_EXTENSIONS = YES;
				CLANG_ANALYZER_NONNULL = YES;
				CLANG_ANALYZER_NUMBER_OBJECT_CONVERSION = YES_AGGRESSIVE;
				CLANG_CXX_LANGUAGE_STANDARD = "gnu++20";
				CLANG_ENABLE_MODULES = YES;
				CLANG_ENABLE_OBJC_ARC = YES;
				CLANG_ENABLE_OBJC_WEAK = YES;
				CLANG_WARN_BLOCK_CAPTURE_AUTORELEASING = YES;
				CLANG_WARN_BOOL_CONVERSION = YES;
				CLANG_WARN_COMMA = YES;
				CLANG_WARN_CONSTANT_CONVERSION = YES;
				CLANG_WARN_DEPRECATED_OBJC_IMPLEMENTATIONS = YES;
				CLANG_WARN_DIRECT_OBJC_ISA_USAGE = YES_ERROR;
				CLANG_WARN_DOCUMENTATION_COMMENTS = YES;
				CLANG_WARN_EMPTY_BODY = YES;
				CLANG_WARN_ENUM_CONVERSION = YES;
				CLANG_WARN_INFINITE_RECURSION = YES;
				CLANG_WARN_INT_CONVERSION = YES;
				CLANG_WARN_NON_LITERAL_NULL_CONVERSION = YES;
				CLANG_WARN_OBJC_IMPLICIT_RETAIN_SELF = YES;
				CLANG_WARN_OBJC_LITERAL_CONVERSION = YES;
				CLANG_WARN_OBJC_ROOT_CLASS = YES_ERROR;
				CLANG_WARN_QUOTED_INCLUDE_IN_FRAMEWORK_HEADER = YES;
				CLANG_WARN_RANGE_LOOP_ANALYSIS = YES;
				CLANG_WARN_STRICT_PROTOTYPES = YES;
				CLANG_WARN_SUSPICIOUS_MOVE = YES;
				CLANG_WARN_UNGUARDED_AVAILABILITY = YES_AGGRESSIVE;
				CLANG_WARN_UNREACHABLE_CODE = YES;
				CLANG_WARN__DUPLICATE_METHOD_MATCH = YES;
				COPY_PHASE_STRIP = NO;
				DEBUG_INFORMATION_FORMAT = "dwarf-with-dsym";
				ENABLE_NS_ASSERTIONS = NO;
				ENABLE_STRICT_OBJC_MSGSEND = YES;
				ENABLE_USER_SCRIPT_SANDBOXING = YES;
				GCC_C_LANGUAGE_STANDARD = gnu17;
				GCC_NO_COMMON_BLOCKS = YES;
				GCC_WARN_64_TO_32_BIT_CONVERSION = YES;
				GCC_WARN_ABOUT_RETURN_TYPE = YES_ERROR;
				GCC_WARN_UNDECLARED_SELECTOR = YES;
				GCC_WARN_UNINITIALIZED_AUTOS = YES_AGGRESSIVE;
				GCC_WARN_UNUSED_FUNCTION = YES;
				GCC_WARN_UNUSED_VARIABLE = YES;
				IPHONEOS_DEPLOYMENT_TARGET = 17.2;
				LOCALIZATION_PREFERS_STRING_CATALOGS = YES;
				MTL_ENABLE_DEBUG_INFO = NO;
				MTL_FAST_MATH = YES;
				SDKROOT = iphoneos;
				SWIFT_COMPILATION_MODE = wholemodule;
				VALIDATE_PRODUCT = YES;
			};
			name = Release;
		};
		972FE5CD2D7D97F000414E44 /* Debug */ = {
			isa = XCBuildConfiguration;
			buildSettings = {
				ASSETCATALOG_COMPILER_APPICON_NAME = AppIcon;
				ASSETCATALOG_COMPILER_GLOBAL_ACCENT_COLOR_NAME = AccentColor;
				CODE_SIGN_STYLE = Automatic;
				CURRENT_PROJECT_VERSION = 1;
				DEVELOPMENT_ASSET_PATHS = "\"GazeTurn/Preview Content\"";
				DEVELOPMENT_TEAM = QRA5DG5SAD;
				ENABLE_PREVIEWS = YES;
				GENERATE_INFOPLIST_FILE = YES;
				INFOPLIST_KEY_UIApplicationSceneManifest_Generation = YES;
				INFOPLIST_KEY_UIApplicationSupportsIndirectInputEvents = YES;
				INFOPLIST_KEY_UILaunchScreen_Generation = YES;
				INFOPLIST_KEY_UISupportedInterfaceOrientations_iPad = "UIInterfaceOrientationPortrait UIInterfaceOrientationPortraitUpsideDown UIInterfaceOrientationLandscapeLeft UIInterfaceOrientationLandscapeRight";
				INFOPLIST_KEY_UISupportedInterfaceOrientations_iPhone = "UIInterfaceOrientationPortrait UIInterfaceOrientationLandscapeLeft UIInterfaceOrientationLandscapeRight";
				LD_RUNPATH_SEARCH_PATHS = (
					"$(inherited)",
					"@executable_path/Frameworks",
				);
				MARKETING_VERSION = 1.0;
				PRODUCT_BUNDLE_IDENTIFIER = com.mj.GazeTurn;
				PRODUCT_NAME = "$(TARGET_NAME)";
				SWIFT_EMIT_LOC_STRINGS = YES;
				SWIFT_VERSION = 5.0;
				TARGETED_DEVICE_FAMILY = "1,2";
			};
			name = Debug;
		};
		972FE5CE2D7D97F000414E44 /* Release */ = {
			isa = XCBuildConfiguration;
			buildSettings = {
				ASSETCATALOG_COMPILER_APPICON_NAME = AppIcon;
				ASSETCATALOG_COMPILER_GLOBAL_ACCENT_COLOR_NAME = AccentColor;
				CODE_SIGN_STYLE = Automatic;
				CURRENT_PROJECT_VERSION = 1;
				DEVELOPMENT_ASSET_PATHS = "\"GazeTurn/Preview Content\"";
				DEVELOPMENT_TEAM = QRA5DG5SAD;
				ENABLE_PREVIEWS = YES;
				GENERATE_INFOPLIST_FILE = YES;
				INFOPLIST_KEY_UIApplicationSceneManifest_Generation = YES;
				INFOPLIST_KEY_UIApplicationSupportsIndirectInputEvents = YES;
				INFOPLIST_KEY_UILaunchScreen_Generation = YES;
				INFOPLIST_KEY_UISupportedInterfaceOrientations_iPad = "UIInterfaceOrientationPortrait UIInterfaceOrientationPortraitUpsideDown UIInterfaceOrientationLandscapeLeft UIInterfaceOrientationLandscapeRight";
				INFOPLIST_KEY_UISupportedInterfaceOrientations_iPhone = "UIInterfaceOrientationPortrait UIInterfaceOrientationLandscapeLeft UIInterfaceOrientationLandscapeRight";
				LD_RUNPATH_SEARCH_PATHS = (
					"$(inherited)",
					"@executable_path/Frameworks",
				);
				MARKETING_VERSION = 1.0;
				PRODUCT_BUNDLE_IDENTIFIER = com.mj.GazeTurn;
				PRODUCT_NAME = "$(TARGET_NAME)";
				SWIFT_EMIT_LOC_STRINGS = YES;
				SWIFT_VERSION = 5.0;
				TARGETED_DEVICE_FAMILY = "1,2";
			};
			name = Release;
		};
/* End XCBuildConfiguration section */

/* Begin XCConfigurationList section */
		972FE5B92D7D97EE00414E44 /* Build configuration list for PBXProject "GazeTurn" */ = {
			isa = XCConfigurationList;
			buildConfigurations = (
				972FE5CA2D7D97F000414E44 /* Debug */,
				972FE5CB2D7D97F000414E44 /* Release */,
			);
			defaultConfigurationIsVisible = 0;
			defaultConfigurationName = Release;
		};
		972FE5CC2D7D97F000414E44 /* Build configuration list for PBXNativeTarget "GazeTurn" */ = {
			isa = XCConfigurationList;
			buildConfigurations = (
				972FE5CD2D7D97F000414E44 /* Debug */,
				972FE5CE2D7D97F000414E44 /* Release */,
			);
			defaultConfigurationIsVisible = 0;
			defaultConfigurationName = Release;
		};
/* End XCConfigurationList section */
	};
	rootObject = 972FE5B62D7D97EE00414E44 /* Project object */;
}
